// !$*UTF8*$!
{
	archiveVersion = 1;
	classes = {
	};
	objectVersion = 55;
	objects = {

/* Begin PBXBuildFile section */
		B19F55442848CF80001CF9F4 /* ZohoNotes.xcdatamodeld in Sources */ = {isa = PBXBuildFile; fileRef = B19F55312848CF7D001CF9F4 /* ZohoNotes.xcdatamodeld */; };
		B19F55452848CF80001CF9F4 /* ZohoNotes.xcdatamodeld in Sources */ = {isa = PBXBuildFile; fileRef = B19F55312848CF7D001CF9F4 /* ZohoNotes.xcdatamodeld */; };
		B19F55462848CF80001CF9F4 /* ZohoNotesApp.swift in Sources */ = {isa = PBXBuildFile; fileRef = B19F55332848CF7D001CF9F4 /* ZohoNotesApp.swift */; };
		B19F55472848CF80001CF9F4 /* ZohoNotesApp.swift in Sources */ = {isa = PBXBuildFile; fileRef = B19F55332848CF7D001CF9F4 /* ZohoNotesApp.swift */; };
		B19F55482848CF80001CF9F4 /* ContentView.swift in Sources */ = {isa = PBXBuildFile; fileRef = B19F55342848CF7D001CF9F4 /* ContentView.swift */; };
		B19F55492848CF80001CF9F4 /* ContentView.swift in Sources */ = {isa = PBXBuildFile; fileRef = B19F55342848CF7D001CF9F4 /* ContentView.swift */; };
		B19F554A2848CF80001CF9F4 /* Persistence.swift in Sources */ = {isa = PBXBuildFile; fileRef = B19F55352848CF7D001CF9F4 /* Persistence.swift */; };
		B19F554B2848CF80001CF9F4 /* Persistence.swift in Sources */ = {isa = PBXBuildFile; fileRef = B19F55352848CF7D001CF9F4 /* Persistence.swift */; };
		B19F554C2848CF80001CF9F4 /* Assets.xcassets in Resources */ = {isa = PBXBuildFile; fileRef = B19F55362848CF80001CF9F4 /* Assets.xcassets */; };
		B19F554D2848CF80001CF9F4 /* Assets.xcassets in Resources */ = {isa = PBXBuildFile; fileRef = B19F55362848CF80001CF9F4 /* Assets.xcassets */; };
/* End PBXBuildFile section */

/* Begin PBXFileReference section */
		B19F55322848CF7D001CF9F4 /* Shared.xcdatamodel */ = {isa = PBXFileReference; lastKnownFileType = wrapper.xcdatamodel; path = Shared.xcdatamodel; sourceTree = "<group>"; };
		B19F55332848CF7D001CF9F4 /* ZohoNotesApp.swift */ = {isa = PBXFileReference; lastKnownFileType = sourcecode.swift; path = ZohoNotesApp.swift; sourceTree = "<group>"; };
		B19F55342848CF7D001CF9F4 /* ContentView.swift */ = {isa = PBXFileReference; lastKnownFileType = sourcecode.swift; path = ContentView.swift; sourceTree = "<group>"; };
		B19F55352848CF7D001CF9F4 /* Persistence.swift */ = {isa = PBXFileReference; lastKnownFileType = sourcecode.swift; path = Persistence.swift; sourceTree = "<group>"; };
		B19F55362848CF80001CF9F4 /* Assets.xcassets */ = {isa = PBXFileReference; lastKnownFileType = folder.assetcatalog; path = Assets.xcassets; sourceTree = "<group>"; };
		B19F553B2848CF80001CF9F4 /* ZohoNotes.app */ = {isa = PBXFileReference; explicitFileType = wrapper.application; includeInIndex = 0; path = ZohoNotes.app; sourceTree = BUILT_PRODUCTS_DIR; };
		B19F55412848CF80001CF9F4 /* ZohoNotes.app */ = {isa = PBXFileReference; explicitFileType = wrapper.application; includeInIndex = 0; path = ZohoNotes.app; sourceTree = BUILT_PRODUCTS_DIR; };
		B19F55432848CF80001CF9F4 /* macOS.entitlements */ = {isa = PBXFileReference; lastKnownFileType = text.plist.entitlements; path = macOS.entitlements; sourceTree = "<group>"; };
/* End PBXFileReference section */

/* Begin PBXFrameworksBuildPhase section */
		B19F55382848CF80001CF9F4 /* Frameworks */ = {
			isa = PBXFrameworksBuildPhase;
			buildActionMask = 2147483647;
			files = (
			);
			runOnlyForDeploymentPostprocessing = 0;
		};
		B19F553E2848CF80001CF9F4 /* Frameworks */ = {
			isa = PBXFrameworksBuildPhase;
			buildActionMask = 2147483647;
			files = (
			);
			runOnlyForDeploymentPostprocessing = 0;
		};
/* End PBXFrameworksBuildPhase section */

/* Begin PBXGroup section */
		B19F552B2848CF7D001CF9F4 = {
			isa = PBXGroup;
			children = (
				B19F55302848CF7D001CF9F4 /* Shared */,
				B19F55422848CF80001CF9F4 /* macOS */,
				B19F553C2848CF80001CF9F4 /* Products */,
			);
			sourceTree = "<group>";
		};
		B19F55302848CF7D001CF9F4 /* Shared */ = {
			isa = PBXGroup;
			children = (
				B19F55332848CF7D001CF9F4 /* ZohoNotesApp.swift */,
				B19F55342848CF7D001CF9F4 /* ContentView.swift */,
				B19F55352848CF7D001CF9F4 /* Persistence.swift */,
				B19F55362848CF80001CF9F4 /* Assets.xcassets */,
				B19F55312848CF7D001CF9F4 /* ZohoNotes.xcdatamodeld */,
			);
			path = Shared;
			sourceTree = "<group>";
		};
		B19F553C2848CF80001CF9F4 /* Products */ = {
			isa = PBXGroup;
			children = (
				B19F553B2848CF80001CF9F4 /* ZohoNotes.app */,
				B19F55412848CF80001CF9F4 /* ZohoNotes.app */,
			);
			name = Products;
			sourceTree = "<group>";
		};
		B19F55422848CF80001CF9F4 /* macOS */ = {
			isa = PBXGroup;
			children = (
				B19F55432848CF80001CF9F4 /* macOS.entitlements */,
			);
			path = macOS;
			sourceTree = "<group>";
		};
/* End PBXGroup section */

/* Begin PBXNativeTarget section */
		B19F553A2848CF80001CF9F4 /* ZohoNotes (iOS) */ = {
			isa = PBXNativeTarget;
			buildConfigurationList = B19F55502848CF80001CF9F4 /* Build configuration list for PBXNativeTarget "ZohoNotes (iOS)" */;
			buildPhases = (
				B19F55372848CF80001CF9F4 /* Sources */,
				B19F55382848CF80001CF9F4 /* Frameworks */,
				B19F55392848CF80001CF9F4 /* Resources */,
			);
			buildRules = (
			);
			dependencies = (
			);
			name = "ZohoNotes (iOS)";
			productName = "ZohoNotes (iOS)";
			productReference = B19F553B2848CF80001CF9F4 /* ZohoNotes.app */;
			productType = "com.apple.product-type.application";
		};
		B19F55402848CF80001CF9F4 /* ZohoNotes (macOS) */ = {
			isa = PBXNativeTarget;
			buildConfigurationList = B19F55532848CF80001CF9F4 /* Build configuration list for PBXNativeTarget "ZohoNotes (macOS)" */;
			buildPhases = (
				B19F553D2848CF80001CF9F4 /* Sources */,
				B19F553E2848CF80001CF9F4 /* Frameworks */,
				B19F553F2848CF80001CF9F4 /* Resources */,
			);
			buildRules = (
			);
			dependencies = (
			);
			name = "ZohoNotes (macOS)";
			productName = "ZohoNotes (macOS)";
			productReference = B19F55412848CF80001CF9F4 /* ZohoNotes.app */;
			productType = "com.apple.product-type.application";
		};
/* End PBXNativeTarget section */

/* Begin PBXProject section */
		B19F552C2848CF7D001CF9F4 /* Project object */ = {
			isa = PBXProject;
			attributes = {
				BuildIndependentTargetsInParallel = 1;
				LastSwiftUpdateCheck = 1340;
				LastUpgradeCheck = 1340;
				TargetAttributes = {
					B19F553A2848CF80001CF9F4 = {
						CreatedOnToolsVersion = 13.4;
					};
					B19F55402848CF80001CF9F4 = {
						CreatedOnToolsVersion = 13.4;
					};
				};
			};
			buildConfigurationList = B19F552F2848CF7D001CF9F4 /* Build configuration list for PBXProject "ZohoNotes" */;
			compatibilityVersion = "Xcode 13.0";
			developmentRegion = en;
			hasScannedForEncodings = 0;
			knownRegions = (
				en,
				Base,
			);
			mainGroup = B19F552B2848CF7D001CF9F4;
			productRefGroup = B19F553C2848CF80001CF9F4 /* Products */;
			projectDirPath = "";
			projectRoot = "";
			targets = (
				B19F553A2848CF80001CF9F4 /* ZohoNotes (iOS) */,
				B19F55402848CF80001CF9F4 /* ZohoNotes (macOS) */,
			);
		};
/* End PBXProject section */

/* Begin PBXResourcesBuildPhase section */
		B19F55392848CF80001CF9F4 /* Resources */ = {
			isa = PBXResourcesBuildPhase;
			buildActionMask = 2147483647;
			files = (
				B19F554C2848CF80001CF9F4 /* Assets.xcassets in Resources */,
			);
			runOnlyForDeploymentPostprocessing = 0;
		};
		B19F553F2848CF80001CF9F4 /* Resources */ = {
			isa = PBXResourcesBuildPhase;
			buildActionMask = 2147483647;
			files = (
				B19F554D2848CF80001CF9F4 /* Assets.xcassets in Resources */,
			);
			runOnlyForDeploymentPostprocessing = 0;
		};
/* End PBXResourcesBuildPhase section */

/* Begin PBXSourcesBuildPhase section */
		B19F55372848CF80001CF9F4 /* Sources */ = {
			isa = PBXSourcesBuildPhase;
			buildActionMask = 2147483647;
			files = (
				B19F55442848CF80001CF9F4 /* ZohoNotes.xcdatamodeld in Sources */,
				B19F554A2848CF80001CF9F4 /* Persistence.swift in Sources */,
				B19F55462848CF80001CF9F4 /* ZohoNotesApp.swift in Sources */,
				B19F55482848CF80001CF9F4 /* ContentView.swift in Sources */,
			);
			runOnlyForDeploymentPostprocessing = 0;
		};
		B19F553D2848CF80001CF9F4 /* Sources */ = {
			isa = PBXSourcesBuildPhase;
			buildActionMask = 2147483647;
			files = (
				B19F55452848CF80001CF9F4 /* ZohoNotes.xcdatamodeld in Sources */,
				B19F554B2848CF80001CF9F4 /* Persistence.swift in Sources */,
				B19F55472848CF80001CF9F4 /* ZohoNotesApp.swift in Sources */,
				B19F55492848CF80001CF9F4 /* ContentView.swift in Sources */,
			);
			runOnlyForDeploymentPostprocessing = 0;
		};
/* End PBXSourcesBuildPhase section */

/* Begin XCBuildConfiguration section */
		B19F554E2848CF80001CF9F4 /* Debug */ = {
			isa = XCBuildConfiguration;
			buildSettings = {
				ALWAYS_SEARCH_USER_PATHS = NO;
				CLANG_ANALYZER_NONNULL = YES;
				CLANG_ANALYZER_NUMBER_OBJECT_CONVERSION = YES_AGGRESSIVE;
				CLANG_CXX_LANGUAGE_STANDARD = "gnu++17";
				CLANG_ENABLE_MODULES = YES;
				CLANG_ENABLE_OBJC_ARC = YES;
				CLANG_ENABLE_OBJC_WEAK = YES;
				CLANG_WARN_BLOCK_CAPTURE_AUTORELEASING = YES;
				CLANG_WARN_BOOL_CONVERSION = YES;
				CLANG_WARN_COMMA = YES;
				CLANG_WARN_CONSTANT_CONVERSION = YES;
				CLANG_WARN_DEPRECATED_OBJC_IMPLEMENTATIONS = YES;
				CLANG_WARN_DIRECT_OBJC_ISA_USAGE = YES_ERROR;
				CLANG_WARN_DOCUMENTATION_COMMENTS = YES;
				CLANG_WARN_EMPTY_BODY = YES;
				CLANG_WARN_ENUM_CONVERSION = YES;
				CLANG_WARN_INFINITE_RECURSION = YES;
				CLANG_WARN_INT_CONVERSION = YES;
				CLANG_WARN_NON_LITERAL_NULL_CONVERSION = YES;
				CLANG_WARN_OBJC_IMPLICIT_RETAIN_SELF = YES;
				CLANG_WARN_OBJC_LITERAL_CONVERSION = YES;
				CLANG_WARN_OBJC_ROOT_CLASS = YES_ERROR;
				CLANG_WARN_QUOTED_INCLUDE_IN_FRAMEWORK_HEADER = YES;
				CLANG_WARN_RANGE_LOOP_ANALYSIS = YES;
				CLANG_WARN_STRICT_PROTOTYPES = YES;
				CLANG_WARN_SUSPICIOUS_MOVE = YES;
				CLANG_WARN_UNGUARDED_AVAILABILITY = YES_AGGRESSIVE;
				CLANG_WARN_UNREACHABLE_CODE = YES;
				CLANG_WARN__DUPLICATE_METHOD_MATCH = YES;
				COPY_PHASE_STRIP = NO;
				DEBUG_INFORMATION_FORMAT = dwarf;
				ENABLE_STRICT_OBJC_MSGSEND = YES;
				ENABLE_TESTABILITY = YES;
				GCC_C_LANGUAGE_STANDARD = gnu11;
				GCC_DYNAMIC_NO_PIC = NO;
				GCC_NO_COMMON_BLOCKS = YES;
				GCC_OPTIMIZATION_LEVEL = 0;
				GCC_PREPROCESSOR_DEFINITIONS = (
					"DEBUG=1",
					"$(inherited)",
				);
				GCC_WARN_64_TO_32_BIT_CONVERSION = YES;
				GCC_WARN_ABOUT_RETURN_TYPE = YES_ERROR;
				GCC_WARN_UNDECLARED_SELECTOR = YES;
				GCC_WARN_UNINITIALIZED_AUTOS = YES_AGGRESSIVE;
				GCC_WARN_UNUSED_FUNCTION = YES;
				GCC_WARN_UNUSED_VARIABLE = YES;
				MTL_ENABLE_DEBUG_INFO = INCLUDE_SOURCE;
				MTL_FAST_MATH = YES;
				ONLY_ACTIVE_ARCH = YES;
				SWIFT_ACTIVE_COMPILATION_CONDITIONS = DEBUG;
				SWIFT_OPTIMIZATION_LEVEL = "-Onone";
			};
			name = Debug;
		};
		B19F554F2848CF80001CF9F4 /* Release */ = {
			isa = XCBuildConfiguration;
			buildSettings = {
				ALWAYS_SEARCH_USER_PATHS = NO;
				CLANG_ANALYZER_NONNULL = YES;
				CLANG_ANALYZER_NUMBER_OBJECT_CONVERSION = YES_AGGRESSIVE;
				CLANG_CXX_LANGUAGE_STANDARD = "gnu++17";
				CLANG_ENABLE_MODULES = YES;
				CLANG_ENABLE_OBJC_ARC = YES;
				CLANG_ENABLE_OBJC_WEAK = YES;
				CLANG_WARN_BLOCK_CAPTURE_AUTORELEASING = YES;
				CLANG_WARN_BOOL_CONVERSION = YES;
				CLANG_WARN_COMMA = YES;
				CLANG_WARN_CONSTANT_CONVERSION = YES;
				CLANG_WARN_DEPRECATED_OBJC_IMPLEMENTATIONS = YES;
				CLANG_WARN_DIRECT_OBJC_ISA_USAGE = YES_ERROR;
				CLANG_WARN_DOCUMENTATION_COMMENTS = YES;
				CLANG_WARN_EMPTY_BODY = YES;
				CLANG_WARN_ENUM_CONVERSION = YES;
				CLANG_WARN_INFINITE_RECURSION = YES;
				CLANG_WARN_INT_CONVERSION = YES;
				CLANG_WARN_NON_LITERAL_NULL_CONVERSION = YES;
				CLANG_WARN_OBJC_IMPLICIT_RETAIN_SELF = YES;
				CLANG_WARN_OBJC_LITERAL_CONVERSION = YES;
				CLANG_WARN_OBJC_ROOT_CLASS = YES_ERROR;
				CLANG_WARN_QUOTED_INCLUDE_IN_FRAMEWORK_HEADER = YES;
				CLANG_WARN_RANGE_LOOP_ANALYSIS = YES;
				CLANG_WARN_STRICT_PROTOTYPES = YES;
				CLANG_WARN_SUSPICIOUS_MOVE = YES;
				CLANG_WARN_UNGUARDED_AVAILABILITY = YES_AGGRESSIVE;
				CLANG_WARN_UNREACHABLE_CODE = YES;
				CLANG_WARN__DUPLICATE_METHOD_MATCH = YES;
				COPY_PHASE_STRIP = NO;
				DEBUG_INFORMATION_FORMAT = "dwarf-with-dsym";
				ENABLE_NS_ASSERTIONS = NO;
				ENABLE_STRICT_OBJC_MSGSEND = YES;
				GCC_C_LANGUAGE_STANDARD = gnu11;
				GCC_NO_COMMON_BLOCKS = YES;
				GCC_WARN_64_TO_32_BIT_CONVERSION = YES;
				GCC_WARN_ABOUT_RETURN_TYPE = YES_ERROR;
				GCC_WARN_UNDECLARED_SELECTOR = YES;
				GCC_WARN_UNINITIALIZED_AUTOS = YES_AGGRESSIVE;
				GCC_WARN_UNUSED_FUNCTION = YES;
				GCC_WARN_UNUSED_VARIABLE = YES;
				MTL_ENABLE_DEBUG_INFO = NO;
				MTL_FAST_MATH = YES;
				SWIFT_COMPILATION_MODE = wholemodule;
				SWIFT_OPTIMIZATION_LEVEL = "-O";
			};
			name = Release;
		};
		B19F55512848CF80001CF9F4 /* Debug */ = {
			isa = XCBuildConfiguration;
			buildSettings = {
				ASSETCATALOG_COMPILER_APPICON_NAME = AppIcon;
				ASSETCATALOG_COMPILER_GLOBAL_ACCENT_COLOR_NAME = AccentColor;
				CODE_SIGN_STYLE = Automatic;
				CURRENT_PROJECT_VERSION = 1;
				DEVELOPMENT_TEAM = 23LBXQWLYP;
				ENABLE_PREVIEWS = YES;
				GENERATE_INFOPLIST_FILE = YES;
				INFOPLIST_KEY_UIApplicationSceneManifest_Generation = YES;
				INFOPLIST_KEY_UIApplicationSupportsIndirectInputEvents = YES;
				INFOPLIST_KEY_UILaunchScreen_Generation = YES;
				INFOPLIST_KEY_UISupportedInterfaceOrientations_iPad = "UIInterfaceOrientationPortrait UIInterfaceOrientationPortraitUpsideDown UIInterfaceOrientationLandscapeLeft UIInterfaceOrientationLandscapeRight";
				INFOPLIST_KEY_UISupportedInterfaceOrientations_iPhone = "UIInterfaceOrientationPortrait UIInterfaceOrientationLandscapeLeft UIInterfaceOrientationLandscapeRight";
				IPHONEOS_DEPLOYMENT_TARGET = 15.5;
				LD_RUNPATH_SEARCH_PATHS = (
					"$(inherited)",
					"@executable_path/Frameworks",
				);
				MARKETING_VERSION = 1.0;
				PRODUCT_BUNDLE_IDENTIFIER = com.maheshsai252.ZohoNotes;
				PRODUCT_NAME = ZohoNotes;
				SDKROOT = iphoneos;
				SWIFT_EMIT_LOC_STRINGS = YES;
				SWIFT_VERSION = 5.0;
				TARGETED_DEVICE_FAMILY = "1,2";
			};
			name = Debug;
		};
		B19F55522848CF80001CF9F4 /* Release */ = {
			isa = XCBuildConfiguration;
			buildSettings = {
				ASSETCATALOG_COMPILER_APPICON_NAME = AppIcon;
				ASSETCATALOG_COMPILER_GLOBAL_ACCENT_COLOR_NAME = AccentColor;
				CODE_SIGN_STYLE = Automatic;
				CURRENT_PROJECT_VERSION = 1;
				DEVELOPMENT_TEAM = 23LBXQWLYP;
				ENABLE_PREVIEWS = YES;
				GENERATE_INFOPLIST_FILE = YES;
				INFOPLIST_KEY_UIApplicationSceneManifest_Generation = YES;
				INFOPLIST_KEY_UIApplicationSupportsIndirectInputEvents = YES;
				INFOPLIST_KEY_UILaunchScreen_Generation = YES;
				INFOPLIST_KEY_UISupportedInterfaceOrientations_iPad = "UIInterfaceOrientationPortrait UIInterfaceOrientationPortraitUpsideDown UIInterfaceOrientationLandscapeLeft UIInterfaceOrientationLandscapeRight";
				INFOPLIST_KEY_UISupportedInterfaceOrientations_iPhone = "UIInterfaceOrientationPortrait UIInterfaceOrientationLandscapeLeft UIInterfaceOrientationLandscapeRight";
				IPHONEOS_DEPLOYMENT_TARGET = 15.5;
				LD_RUNPATH_SEARCH_PATHS = (
					"$(inherited)",
					"@executable_path/Frameworks",
				);
				MARKETING_VERSION = 1.0;
				PRODUCT_BUNDLE_IDENTIFIER = com.maheshsai252.ZohoNotes;
				PRODUCT_NAME = ZohoNotes;
				SDKROOT = iphoneos;
				SWIFT_EMIT_LOC_STRINGS = YES;
				SWIFT_VERSION = 5.0;
				TARGETED_DEVICE_FAMILY = "1,2";
				VALIDATE_PRODUCT = YES;
			};
			name = Release;
		};
		B19F55542848CF80001CF9F4 /* Debug */ = {
			isa = XCBuildConfiguration;
			buildSettings = {
				ASSETCATALOG_COMPILER_APPICON_NAME = AppIcon;
				ASSETCATALOG_COMPILER_GLOBAL_ACCENT_COLOR_NAME = AccentColor;
				CODE_SIGN_ENTITLEMENTS = macOS/macOS.entitlements;
				CODE_SIGN_STYLE = Automatic;
				COMBINE_HIDPI_IMAGES = YES;
				CURRENT_PROJECT_VERSION = 1;
				DEVELOPMENT_TEAM = 23LBXQWLYP;
				ENABLE_HARDENED_RUNTIME = YES;
				ENABLE_PREVIEWS = YES;
				GENERATE_INFOPLIST_FILE = YES;
				INFOPLIST_KEY_NSHumanReadableCopyright = "";
				LD_RUNPATH_SEARCH_PATHS = (
					"$(inherited)",
					"@executable_path/../Frameworks",
				);
				MACOSX_DEPLOYMENT_TARGET = 12.3;
				MARKETING_VERSION = 1.0;
				PRODUCT_BUNDLE_IDENTIFIER = com.maheshsai252.ZohoNotes;
				PRODUCT_NAME = ZohoNotes;
				SDKROOT = macosx;
				SWIFT_EMIT_LOC_STRINGS = YES;
				SWIFT_VERSION = 5.0;
			};
			name = Debug;
		};
		B19F55552848CF80001CF9F4 /* Release */ = {
			isa = XCBuildConfiguration;
			buildSettings = {
				ASSETCATALOG_COMPILER_APPICON_NAME = AppIcon;
				ASSETCATALOG_COMPILER_GLOBAL_ACCENT_COLOR_NAME = AccentColor;
				CODE_SIGN_ENTITLEMENTS = macOS/macOS.entitlements;
				CODE_SIGN_STYLE = Automatic;
				COMBINE_HIDPI_IMAGES = YES;
				CURRENT_PROJECT_VERSION = 1;
				DEVELOPMENT_TEAM = 23LBXQWLYP;
				ENABLE_HARDENED_RUNTIME = YES;
				ENABLE_PREVIEWS = YES;
				GENERATE_INFOPLIST_FILE = YES;
				INFOPLIST_KEY_NSHumanReadableCopyright = "";
				LD_RUNPATH_SEARCH_PATHS = (
					"$(inherited)",
					"@executable_path/../Frameworks",
				);
				MACOSX_DEPLOYMENT_TARGET = 12.3;
				MARKETING_VERSION = 1.0;
				PRODUCT_BUNDLE_IDENTIFIER = com.maheshsai252.ZohoNotes;
				PRODUCT_NAME = ZohoNotes;
				SDKROOT = macosx;
				SWIFT_EMIT_LOC_STRINGS = YES;
				SWIFT_VERSION = 5.0;
			};
			name = Release;
		};
/* End XCBuildConfiguration section */

/* Begin XCConfigurationList section */
		B19F552F2848CF7D001CF9F4 /* Build configuration list for PBXProject "ZohoNotes" */ = {
			isa = XCConfigurationList;
			buildConfigurations = (
				B19F554E2848CF80001CF9F4 /* Debug */,
				B19F554F2848CF80001CF9F4 /* Release */,
			);
			defaultConfigurationIsVisible = 0;
			defaultConfigurationName = Release;
		};
		B19F55502848CF80001CF9F4 /* Build configuration list for PBXNativeTarget "ZohoNotes (iOS)" */ = {
			isa = XCConfigurationList;
			buildConfigurations = (
				B19F55512848CF80001CF9F4 /* Debug */,
				B19F55522848CF80001CF9F4 /* Release */,
			);
			defaultConfigurationIsVisible = 0;
			defaultConfigurationName = Release;
		};
		B19F55532848CF80001CF9F4 /* Build configuration list for PBXNativeTarget "ZohoNotes (macOS)" */ = {
			isa = XCConfigurationList;
			buildConfigurations = (
				B19F55542848CF80001CF9F4 /* Debug */,
				B19F55552848CF80001CF9F4 /* Release */,
			);
			defaultConfigurationIsVisible = 0;
			defaultConfigurationName = Release;
		};
/* End XCConfigurationList section */

/* Begin XCVersionGroup section */
		B19F55312848CF7D001CF9F4 /* ZohoNotes.xcdatamodeld */ = {
			isa = XCVersionGroup;
			children = (
				B19F55322848CF7D001CF9F4 /* Shared.xcdatamodel */,
			);
			currentVersion = B19F55322848CF7D001CF9F4 /* Shared.xcdatamodel */;
			path = ZohoNotes.xcdatamodeld;
			sourceTree = "<group>";
			versionGroupType = wrapper.xcdatamodel;
		};
/* End XCVersionGroup section */
	};
	rootObject = B19F552C2848CF7D001CF9F4 /* Project object */;
}
